PODS:
  - Capacitor (6.2.0):
    - CapacitorCordova
  - CapacitorApp (6.0.2):
    - Capacitor
  - CapacitorCommunitySqlite (6.0.2):
    - Capacitor
    - SQLCipher
    - ZIPFoundation
  - CapacitorCordova (6.2.0)
  - SQLCipher (4.6.0):
    - SQLCipher/standard (= 4.6.0)
  - SQLCipher/common (4.6.0)
  - SQLCipher/standard (4.6.0):
    - SQLCipher/common
  - ZIPFoundation (0.9.19)

DEPENDENCIES:
  - "Capacitor (from `../../node_modules/.pnpm/@capacitor+ios@6.2.0_@capacitor+core@6.2.0/node_modules/@capacitor/ios`)"
  - "CapacitorApp (from `../../node_modules/.pnpm/@capacitor+app@6.0.2_@capacitor+core@6.2.0/node_modules/@capacitor/app`)"
  - "CapacitorCommunitySqlite (from `../../node_modules/.pnpm/@capacitor-community+sqlite@6.0.2_@capacitor+core@6.2.0/node_modules/@capacitor-community/sqlite`)"
  - "CapacitorCordova (from `../../node_modules/.pnpm/@capacitor+ios@6.2.0_@capacitor+core@6.2.0/node_modules/@capacitor/ios`)"

SPEC REPOS:
  trunk:
    - SQLCipher
    - ZIPFoundation

EXTERNAL SOURCES:
  Capacitor:
    :path: "../../node_modules/.pnpm/@capacitor+ios@6.2.0_@capacitor+core@6.2.0/node_modules/@capacitor/ios"
  CapacitorApp:
    :path: "../../node_modules/.pnpm/@capacitor+app@6.0.2_@capacitor+core@6.2.0/node_modules/@capacitor/app"
  CapacitorCommunitySqlite:
    :path: "../../node_modules/.pnpm/@capacitor-community+sqlite@6.0.2_@capacitor+core@6.2.0/node_modules/@capacitor-community/sqlite"
  CapacitorCordova:
    :path: "../../node_modules/.pnpm/@capacitor+ios@6.2.0_@capacitor+core@6.2.0/node_modules/@capacitor/ios"

SPEC CHECKSUMS:
  Capacitor: 05d35014f4425b0740fc8776481f6a369ad071bf
  CapacitorApp: e1e6b7d05e444d593ca16fd6d76f2b7c48b5aea7
  CapacitorCommunitySqlite: 0299d20f4b00c2e6aa485a1d8932656753937b9b
  CapacitorCordova: b33e7f4aa4ed105dd43283acdd940964374a87d9
  SQLCipher: 30a8e81afa6128e600b17ffa77d0f92fa05ed208
  ZIPFoundation: b8c29ea7ae353b309bc810586181fd073cb3312c

PODFILE CHECKSUM: b7678923671f064dc175f85b8c36fcbf4865d05e

COCOAPODS: 1.16.2
